
Microsoft Visual Studio Solution File, Format Version 12.00
# Visual Studio 15
VisualStudioVersion = 15.0.28010.2016
MinimumVisualStudioVersion = 10.0.40219.1
Project("{FAE04EC0-301F-11D3-BF4B-00C04F79EFBC}") = "AA小說下載閱讀器檔名批次修改", "AA小說下載閱讀器檔名批次修改\AA小說下載閱讀器檔名批次修改.csproj", "{5EDC998F-F228-4E28-A28F-8B469BA15C2B}"
EndProject
Global
	GlobalSection(SolutionConfigurationPlatforms) = preSolution
		Debug|Any CPU = Debug|Any CPU
		Release|Any CPU = Release|Any CPU
	EndGlobalSection
	GlobalSection(ProjectConfigurationPlatforms) = postSolution
		{5EDC998F-F228-4E28-A28F-8B469BA15C2B}.Debug|Any CPU.ActiveCfg = Debug|Any CPU
		{5EDC998F-F228-4E28-A28F-8B469BA15C2B}.Debug|Any CPU.Build.0 = Debug|Any CPU
		{5EDC998F-F228-4E28-A28F-8B469BA15C2B}.Release|Any CPU.ActiveCfg = Release|Any CPU
		{5EDC998F-F228-4E28-A28F-8B469BA15C2B}.Release|Any CPU.Build.0 = Release|Any CPU
	EndGlobalSection
	GlobalSection(SolutionProperties) = preSolution
		HideSolutionNode = FALSE
	EndGlobalSection
	GlobalSection(ExtensibilityGlobals) = postSolution
		SolutionGuid = {0FE96310-5692-46BE-BE3D-7A91C9C44122}
	EndGlobalSection
EndGlobal
